
Microsoft Visual Studio Solution File, Format Version 12.00
# Visual Studio 14
VisualStudioVersion = 14.0.25420.1
MinimumVisualStudioVersion = 10.0.40219.1
Project("{FAE04EC0-301F-11D3-BF4B-00C04F79EFBC}") = "DataCleaningTool", "DataCleaningTool\DataCleaningTool.csproj", "{A5A6439D-797A-413A-B101-9E341727D3F1}"
EndProject
Project("{FAE04EC0-301F-11D3-BF4B-00C04F79EFBC}") = "SimpleMVVM", "SimpleMVVM\SimpleMVVM.csproj", "{A62057BF-EE6A-4AD1-96BF-6E12FFCE71B4}"
EndProject
Project("{FAE04EC0-301F-11D3-BF4B-00C04F79EFBC}") = "SimpleIoCContainer", "SimpleIoCContainer\SimpleIoCContainer.csproj", "{C0D5DC5D-4BE6-483D-AF26-8EF9E5CD6C26}"
EndProject
Project("{2150E333-8FDC-42A3-9474-1A3956D46DE8}") = "front", "front", "{FCB0E6C0-71AD-4252-8D52-C75D9DAC43D5}"
EndProject
Project("{2150E333-8FDC-42A3-9474-1A3956D46DE8}") = "corelibs", "corelibs", "{6E2E9A65-A601-4EDD-ADD9-7FCDDCCC94FB}"
EndProject
Project("{FAE04EC0-301F-11D3-BF4B-00C04F79EFBC}") = "DataCleaningToolLogics", "DataCleaningToolLogics\DataCleaningToolLogics.csproj", "{6CDB524E-0CC4-48E1-925B-3FFE80DBF6E5}"
EndProject
Project("{2150E333-8FDC-42A3-9474-1A3956D46DE8}") = "libs", "libs", "{26A90E0F-1DDE-41A4-81BE-BD856F42C399}"
EndProject
Global
	GlobalSection(SolutionConfigurationPlatforms) = preSolution
		Debug|Any CPU = Debug|Any CPU
		Release|Any CPU = Release|Any CPU
	EndGlobalSection
	GlobalSection(ProjectConfigurationPlatforms) = postSolution
		{A5A6439D-797A-413A-B101-9E341727D3F1}.Debug|Any CPU.ActiveCfg = Debug|Any CPU
		{A5A6439D-797A-413A-B101-9E341727D3F1}.Debug|Any CPU.Build.0 = Debug|Any CPU
		{A5A6439D-797A-413A-B101-9E341727D3F1}.Release|Any CPU.ActiveCfg = Release|Any CPU
		{A5A6439D-797A-413A-B101-9E341727D3F1}.Release|Any CPU.Build.0 = Release|Any CPU
		{A62057BF-EE6A-4AD1-96BF-6E12FFCE71B4}.Debug|Any CPU.ActiveCfg = Debug|Any CPU
		{A62057BF-EE6A-4AD1-96BF-6E12FFCE71B4}.Debug|Any CPU.Build.0 = Debug|Any CPU
		{A62057BF-EE6A-4AD1-96BF-6E12FFCE71B4}.Release|Any CPU.ActiveCfg = Release|Any CPU
		{A62057BF-EE6A-4AD1-96BF-6E12FFCE71B4}.Release|Any CPU.Build.0 = Release|Any CPU
		{C0D5DC5D-4BE6-483D-AF26-8EF9E5CD6C26}.Debug|Any CPU.ActiveCfg = Debug|Any CPU
		{C0D5DC5D-4BE6-483D-AF26-8EF9E5CD6C26}.Debug|Any CPU.Build.0 = Debug|Any CPU
		{C0D5DC5D-4BE6-483D-AF26-8EF9E5CD6C26}.Release|Any CPU.ActiveCfg = Release|Any CPU
		{C0D5DC5D-4BE6-483D-AF26-8EF9E5CD6C26}.Release|Any CPU.Build.0 = Release|Any CPU
		{6CDB524E-0CC4-48E1-925B-3FFE80DBF6E5}.Debug|Any CPU.ActiveCfg = Debug|Any CPU
		{6CDB524E-0CC4-48E1-925B-3FFE80DBF6E5}.Debug|Any CPU.Build.0 = Debug|Any CPU
		{6CDB524E-0CC4-48E1-925B-3FFE80DBF6E5}.Release|Any CPU.ActiveCfg = Release|Any CPU
		{6CDB524E-0CC4-48E1-925B-3FFE80DBF6E5}.Release|Any CPU.Build.0 = Release|Any CPU
	EndGlobalSection
	GlobalSection(SolutionProperties) = preSolution
		HideSolutionNode = FALSE
	EndGlobalSection
	GlobalSection(NestedProjects) = preSolution
		{A5A6439D-797A-413A-B101-9E341727D3F1} = {FCB0E6C0-71AD-4252-8D52-C75D9DAC43D5}
		{A62057BF-EE6A-4AD1-96BF-6E12FFCE71B4} = {6E2E9A65-A601-4EDD-ADD9-7FCDDCCC94FB}
		{C0D5DC5D-4BE6-483D-AF26-8EF9E5CD6C26} = {6E2E9A65-A601-4EDD-ADD9-7FCDDCCC94FB}
		{6CDB524E-0CC4-48E1-925B-3FFE80DBF6E5} = {26A90E0F-1DDE-41A4-81BE-BD856F42C399}
	EndGlobalSection
EndGlobal
